// !$*UTF8*$!
{
	archiveVersion = 1;
	classes = {
	};
	objectVersion = 50;
	objects = {

/* Begin PBXBuildFile section */
		7B5C8E9C26AFA3AD004E6ADE /* AppDelegate.swift in Sources */ = {isa = PBXBuildFile; fileRef = 7B5C8E9B26AFA3AD004E6ADE /* AppDelegate.swift */; };
		7B5C8E9E26AFA3AD004E6ADE /* SceneDelegate.swift in Sources */ = {isa = PBXBuildFile; fileRef = 7B5C8E9D26AFA3AD004E6ADE /* SceneDelegate.swift */; };
		7B5C8EA026AFA3AD004E6ADE /* ViewController.swift in Sources */ = {isa = PBXBuildFile; fileRef = 7B5C8E9F26AFA3AD004E6ADE /* ViewController.swift */; };
		7B5C8EA326AFA3AD004E6ADE /* Main.storyboard in Resources */ = {isa = PBXBuildFile; fileRef = 7B5C8EA126AFA3AD004E6ADE /* Main.storyboard */; };
		7B5C8EA526AFA3AF004E6ADE /* Assets.xcassets in Resources */ = {isa = PBXBuildFile; fileRef = 7B5C8EA426AFA3AF004E6ADE /* Assets.xcassets */; };
		7B5C8EA826AFA3AF004E6ADE /* LaunchScreen.storyboard in Resources */ = {isa = PBXBuildFile; fileRef = 7B5C8EA626AFA3AF004E6ADE /* LaunchScreen.storyboard */; };
/* End PBXBuildFile section */

/* Begin PBXFileReference section */
		7B5C8E9826AFA3AD004E6ADE /* PracticeAutoLayout.app */ = {isa = PBXFileReference; explicitFileType = wrapper.application; includeInIndex = 0; path = PracticeAutoLayout.app; sourceTree = BUILT_PRODUCTS_DIR; };
		7B5C8E9B26AFA3AD004E6ADE /* AppDelegate.swift */ = {isa = PBXFileReference; lastKnownFileType = sourcecode.swift; path = AppDelegate.swift; sourceTree = "<group>"; };
		7B5C8E9D26AFA3AD004E6ADE /* SceneDelegate.swift */ = {isa = PBXFileReference; lastKnownFileType = sourcecode.swift; path = SceneDelegate.swift; sourceTree = "<group>"; };
		7B5C8E9F26AFA3AD004E6ADE /* ViewController.swift */ = {isa = PBXFileReference; lastKnownFileType = sourcecode.swift; path = ViewController.swift; sourceTree = "<group>"; };
		7B5C8EA226AFA3AD004E6ADE /* Base */ = {isa = PBXFileReference; lastKnownFileType = file.storyboard; name = Base; path = Base.lproj/Main.storyboard; sourceTree = "<group>"; };
		7B5C8EA426AFA3AF004E6ADE /* Assets.xcassets */ = {isa = PBXFileReference; lastKnownFileType = folder.assetcatalog; path = Assets.xcassets; sourceTree = "<group>"; };
		7B5C8EA726AFA3AF004E6ADE /* Base */ = {isa = PBXFileReference; lastKnownFileType = file.storyboard; name = Base; path = Base.lproj/LaunchScreen.storyboard; sourceTree = "<group>"; };
		7B5C8EA926AFA3AF004E6ADE /* Info.plist */ = {isa = PBXFileReference; lastKnownFileType = text.plist.xml; path = Info.plist; sourceTree = "<group>"; };
/* End PBXFileReference section */

/* Begin PBXFrameworksBuildPhase section */
		7B5C8E9526AFA3AD004E6ADE /* Frameworks */ = {
			isa = PBXFrameworksBuildPhase;
			buildActionMask = 2147483647;
			files = (
			);
			runOnlyForDeploymentPostprocessing = 0;
		};
/* End PBXFrameworksBuildPhase section */

/* Begin PBXGroup section */
		7B5C8E8F26AFA3AD004E6ADE = {
			isa = PBXGroup;
			children = (
				7B5C8E9A26AFA3AD004E6ADE /* PracticeAutoLayout */,
				7B5C8E9926AFA3AD004E6ADE /* Products */,
			);
			sourceTree = "<group>";
		};
		7B5C8E9926AFA3AD004E6ADE /* Products */ = {
			isa = PBXGroup;
			children = (
				7B5C8E9826AFA3AD004E6ADE /* PracticeAutoLayout.app */,
			);
			name = Products;
			sourceTree = "<group>";
		};
		7B5C8E9A26AFA3AD004E6ADE /* PracticeAutoLayout */ = {
			isa = PBXGroup;
			children = (
				7B5C8E9B26AFA3AD004E6ADE /* AppDelegate.swift */,
				7B5C8E9D26AFA3AD004E6ADE /* SceneDelegate.swift */,
				7B5C8E9F26AFA3AD004E6ADE /* ViewController.swift */,
				7B5C8EA126AFA3AD004E6ADE /* Main.storyboard */,
				7B5C8EA426AFA3AF004E6ADE /* Assets.xcassets */,
				7B5C8EA626AFA3AF004E6ADE /* LaunchScreen.storyboard */,
				7B5C8EA926AFA3AF004E6ADE /* Info.plist */,
			);
			path = PracticeAutoLayout;
			sourceTree = "<group>";
		};
/* End PBXGroup section */

/* Begin PBXNativeTarget section */
		7B5C8E9726AFA3AD004E6ADE /* PracticeAutoLayout */ = {
			isa = PBXNativeTarget;
			buildConfigurationList = 7B5C8EAC26AFA3AF004E6ADE /* Build configuration list for PBXNativeTarget "PracticeAutoLayout" */;
			buildPhases = (
				7B5C8E9426AFA3AD004E6ADE /* Sources */,
				7B5C8E9526AFA3AD004E6ADE /* Frameworks */,
				7B5C8E9626AFA3AD004E6ADE /* Resources */,
			);
			buildRules = (
			);
			dependencies = (
			);
			name = PracticeAutoLayout;
			productName = PracticeAutoLayout;
			productReference = 7B5C8E9826AFA3AD004E6ADE /* PracticeAutoLayout.app */;
			productType = "com.apple.product-type.application";
		};
/* End PBXNativeTarget section */

/* Begin PBXProject section */
		7B5C8E9026AFA3AD004E6ADE /* Project object */ = {
			isa = PBXProject;
			attributes = {
				LastSwiftUpdateCheck = 1250;
				LastUpgradeCheck = 1250;
				TargetAttributes = {
					7B5C8E9726AFA3AD004E6ADE = {
						CreatedOnToolsVersion = 12.5.1;
					};
				};
			};
			buildConfigurationList = 7B5C8E9326AFA3AD004E6ADE /* Build configuration list for PBXProject "PracticeAutoLayout" */;
			compatibilityVersion = "Xcode 9.3";
			developmentRegion = en;
			hasScannedForEncodings = 0;
			knownRegions = (
				en,
				Base,
			);
			mainGroup = 7B5C8E8F26AFA3AD004E6ADE;
			productRefGroup = 7B5C8E9926AFA3AD004E6ADE /* Products */;
			projectDirPath = "";
			projectRoot = "";
			targets = (
				7B5C8E9726AFA3AD004E6ADE /* PracticeAutoLayout */,
			);
		};
/* End PBXProject section */

/* Begin PBXResourcesBuildPhase section */
		7B5C8E9626AFA3AD004E6ADE /* Resources */ = {
			isa = PBXResourcesBuildPhase;
			buildActionMask = 2147483647;
			files = (
				7B5C8EA826AFA3AF004E6ADE /* LaunchScreen.storyboard in Resources */,
				7B5C8EA526AFA3AF004E6ADE /* Assets.xcassets in Resources */,
				7B5C8EA326AFA3AD004E6ADE /* Main.storyboard in Resources */,
			);
			runOnlyForDeploymentPostprocessing = 0;
		};
/* End PBXResourcesBuildPhase section */

/* Begin PBXSourcesBuildPhase section */
		7B5C8E9426AFA3AD004E6ADE /* Sources */ = {
			isa = PBXSourcesBuildPhase;
			buildActionMask = 2147483647;
			files = (
				7B5C8EA026AFA3AD004E6ADE /* ViewController.swift in Sources */,
				7B5C8E9C26AFA3AD004E6ADE /* AppDelegate.swift in Sources */,
				7B5C8E9E26AFA3AD004E6ADE /* SceneDelegate.swift in Sources */,
			);
			runOnlyForDeploymentPostprocessing = 0;
		};
/* End PBXSourcesBuildPhase section */

/* Begin PBXVariantGroup section */
		7B5C8EA126AFA3AD004E6ADE /* Main.storyboard */ = {
			isa = PBXVariantGroup;
			children = (
				7B5C8EA226AFA3AD004E6ADE /* Base */,
			);
			name = Main.storyboard;
			sourceTree = "<group>";
		};
		7B5C8EA626AFA3AF004E6ADE /* LaunchScreen.storyboard */ = {
			isa = PBXVariantGroup;
			children = (
				7B5C8EA726AFA3AF004E6ADE /* Base */,
			);
			name = LaunchScreen.storyboard;
			sourceTree = "<group>";
		};
/* End PBXVariantGroup section */

/* Begin XCBuildConfiguration section */
		7B5C8EAA26AFA3AF004E6ADE /* Debug */ = {
			isa = XCBuildConfiguration;
			buildSettings = {
				ALWAYS_SEARCH_USER_PATHS = NO;
				CLANG_ANALYZER_NONNULL = YES;
				CLANG_ANALYZER_NUMBER_OBJECT_CONVERSION = YES_AGGRESSIVE;
				CLANG_CXX_LANGUAGE_STANDARD = "gnu++14";
				CLANG_CXX_LIBRARY = "libc++";
				CLANG_ENABLE_MODULES = YES;
				CLANG_ENABLE_OBJC_ARC = YES;
				CLANG_ENABLE_OBJC_WEAK = YES;
				CLANG_WARN_BLOCK_CAPTURE_AUTORELEASING = YES;
				CLANG_WARN_BOOL_CONVERSION = YES;
				CLANG_WARN_COMMA = YES;
				CLANG_WARN_CONSTANT_CONVERSION = YES;
				CLANG_WARN_DEPRECATED_OBJC_IMPLEMENTATIONS = YES;
				CLANG_WARN_DIRECT_OBJC_ISA_USAGE = YES_ERROR;
				CLANG_WARN_DOCUMENTATION_COMMENTS = YES;
				CLANG_WARN_EMPTY_BODY = YES;
				CLANG_WARN_ENUM_CONVERSION = YES;
				CLANG_WARN_INFINITE_RECURSION = YES;
				CLANG_WARN_INT_CONVERSION = YES;
				CLANG_WARN_NON_LITERAL_NULL_CONVERSION = YES;
				CLANG_WARN_OBJC_IMPLICIT_RETAIN_SELF = YES;
				CLANG_WARN_OBJC_LITERAL_CONVERSION = YES;
				CLANG_WARN_OBJC_ROOT_CLASS = YES_ERROR;
				CLANG_WARN_QUOTED_INCLUDE_IN_FRAMEWORK_HEADER = YES;
				CLANG_WARN_RANGE_LOOP_ANALYSIS = YES;
				CLANG_WARN_STRICT_PROTOTYPES = YES;
				CLANG_WARN_SUSPICIOUS_MOVE = YES;
				CLANG_WARN_UNGUARDED_AVAILABILITY = YES_AGGRESSIVE;
				CLANG_WARN_UNREACHABLE_CODE = YES;
				CLANG_WARN__DUPLICATE_METHOD_MATCH = YES;
				COPY_PHASE_STRIP = NO;
				DEBUG_INFORMATION_FORMAT = dwarf;
				ENABLE_STRICT_OBJC_MSGSEND = YES;
				ENABLE_TESTABILITY = YES;
				GCC_C_LANGUAGE_STANDARD = gnu11;
				GCC_DYNAMIC_NO_PIC = NO;
				GCC_NO_COMMON_BLOCKS = YES;
				GCC_OPTIMIZATION_LEVEL = 0;
				GCC_PREPROCESSOR_DEFINITIONS = (
					"DEBUG=1",
					"$(inherited)",
				);
				GCC_WARN_64_TO_32_BIT_CONVERSION = YES;
				GCC_WARN_ABOUT_RETURN_TYPE = YES_ERROR;
				GCC_WARN_UNDECLARED_SELECTOR = YES;
				GCC_WARN_UNINITIALIZED_AUTOS = YES_AGGRESSIVE;
				GCC_WARN_UNUSED_FUNCTION = YES;
				GCC_WARN_UNUSED_VARIABLE = YES;
				IPHONEOS_DEPLOYMENT_TARGET = 14.5;
				MTL_ENABLE_DEBUG_INFO = INCLUDE_SOURCE;
				MTL_FAST_MATH = YES;
				ONLY_ACTIVE_ARCH = YES;
				SDKROOT = iphoneos;
				SWIFT_ACTIVE_COMPILATION_CONDITIONS = DEBUG;
				SWIFT_OPTIMIZATION_LEVEL = "-Onone";
			};
			name = Debug;
		};
		7B5C8EAB26AFA3AF004E6ADE /* Release */ = {
			isa = XCBuildConfiguration;
			buildSettings = {
				ALWAYS_SEARCH_USER_PATHS = NO;
				CLANG_ANALYZER_NONNULL = YES;
				CLANG_ANALYZER_NUMBER_OBJECT_CONVERSION = YES_AGGRESSIVE;
				CLANG_CXX_LANGUAGE_STANDARD = "gnu++14";
				CLANG_CXX_LIBRARY = "libc++";
				CLANG_ENABLE_MODULES = YES;
				CLANG_ENABLE_OBJC_ARC = YES;
				CLANG_ENABLE_OBJC_WEAK = YES;
				CLANG_WARN_BLOCK_CAPTURE_AUTORELEASING = YES;
				CLANG_WARN_BOOL_CONVERSION = YES;
				CLANG_WARN_COMMA = YES;
				CLANG_WARN_CONSTANT_CONVERSION = YES;
				CLANG_WARN_DEPRECATED_OBJC_IMPLEMENTATIONS = YES;
				CLANG_WARN_DIRECT_OBJC_ISA_USAGE = YES_ERROR;
				CLANG_WARN_DOCUMENTATION_COMMENTS = YES;
				CLANG_WARN_EMPTY_BODY = YES;
				CLANG_WARN_ENUM_CONVERSION = YES;
				CLANG_WARN_INFINITE_RECURSION = YES;
				CLANG_WARN_INT_CONVERSION = YES;
				CLANG_WARN_NON_LITERAL_NULL_CONVERSION = YES;
				CLANG_WARN_OBJC_IMPLICIT_RETAIN_SELF = YES;
				CLANG_WARN_OBJC_LITERAL_CONVERSION = YES;
				CLANG_WARN_OBJC_ROOT_CLASS = YES_ERROR;
				CLANG_WARN_QUOTED_INCLUDE_IN_FRAMEWORK_HEADER = YES;
				CLANG_WARN_RANGE_LOOP_ANALYSIS = YES;
				CLANG_WARN_STRICT_PROTOTYPES = YES;
				CLANG_WARN_SUSPICIOUS_MOVE = YES;
				CLANG_WARN_UNGUARDED_AVAILABILITY = YES_AGGRESSIVE;
				CLANG_WARN_UNREACHABLE_CODE = YES;
				CLANG_WARN__DUPLICATE_METHOD_MATCH = YES;
				COPY_PHASE_STRIP = NO;
				DEBUG_INFORMATION_FORMAT = "dwarf-with-dsym";
				ENABLE_NS_ASSERTIONS = NO;
				ENABLE_STRICT_OBJC_MSGSEND = YES;
				GCC_C_LANGUAGE_STANDARD = gnu11;
				GCC_NO_COMMON_BLOCKS = YES;
				GCC_WARN_64_TO_32_BIT_CONVERSION = YES;
				GCC_WARN_ABOUT_RETURN_TYPE = YES_ERROR;
				GCC_WARN_UNDECLARED_SELECTOR = YES;
				GCC_WARN_UNINITIALIZED_AUTOS = YES_AGGRESSIVE;
				GCC_WARN_UNUSED_FUNCTION = YES;
				GCC_WARN_UNUSED_VARIABLE = YES;
				IPHONEOS_DEPLOYMENT_TARGET = 14.5;
				MTL_ENABLE_DEBUG_INFO = NO;
				MTL_FAST_MATH = YES;
				SDKROOT = iphoneos;
				SWIFT_COMPILATION_MODE = wholemodule;
				SWIFT_OPTIMIZATION_LEVEL = "-O";
				VALIDATE_PRODUCT = YES;
			};
			name = Release;
		};
		7B5C8EAD26AFA3AF004E6ADE /* Debug */ = {
			isa = XCBuildConfiguration;
			buildSettings = {
				ASSETCATALOG_COMPILER_APPICON_NAME = AppIcon;
				ASSETCATALOG_COMPILER_GLOBAL_ACCENT_COLOR_NAME = AccentColor;
				CODE_SIGN_STYLE = Automatic;
				DEVELOPMENT_TEAM = MPMHNJMTGA;
				INFOPLIST_FILE = PracticeAutoLayout/Info.plist;
				LD_RUNPATH_SEARCH_PATHS = (
					"$(inherited)",
					"@executable_path/Frameworks",
				);
				PRODUCT_BUNDLE_IDENTIFIER = com.PracticeAutoLayout;
				PRODUCT_NAME = "$(TARGET_NAME)";
				SWIFT_VERSION = 5.0;
				TARGETED_DEVICE_FAMILY = "1,2";
			};
			name = Debug;
		};
		7B5C8EAE26AFA3AF004E6ADE /* Release */ = {
			isa = XCBuildConfiguration;
			buildSettings = {
				ASSETCATALOG_COMPILER_APPICON_NAME = AppIcon;
				ASSETCATALOG_COMPILER_GLOBAL_ACCENT_COLOR_NAME = AccentColor;
				CODE_SIGN_STYLE = Automatic;
				DEVELOPMENT_TEAM = MPMHNJMTGA;
				INFOPLIST_FILE = PracticeAutoLayout/Info.plist;
				LD_RUNPATH_SEARCH_PATHS = (
					"$(inherited)",
					"@executable_path/Frameworks",
				);
				PRODUCT_BUNDLE_IDENTIFIER = com.PracticeAutoLayout;
				PRODUCT_NAME = "$(TARGET_NAME)";
				SWIFT_VERSION = 5.0;
				TARGETED_DEVICE_FAMILY = "1,2";
			};
			name = Release;
		};
/* End XCBuildConfiguration section */

/* Begin XCConfigurationList section */
		7B5C8E9326AFA3AD004E6ADE /* Build configuration list for PBXProject "PracticeAutoLayout" */ = {
			isa = XCConfigurationList;
			buildConfigurations = (
				7B5C8EAA26AFA3AF004E6ADE /* Debug */,
				7B5C8EAB26AFA3AF004E6ADE /* Release */,
			);
			defaultConfigurationIsVisible = 0;
			defaultConfigurationName = Release;
		};
		7B5C8EAC26AFA3AF004E6ADE /* Build configuration list for PBXNativeTarget "PracticeAutoLayout" */ = {
			isa = XCConfigurationList;
			buildConfigurations = (
				7B5C8EAD26AFA3AF004E6ADE /* Debug */,
				7B5C8EAE26AFA3AF004E6ADE /* Release */,
			);
			defaultConfigurationIsVisible = 0;
			defaultConfigurationName = Release;
		};
/* End XCConfigurationList section */
	};
	rootObject = 7B5C8E9026AFA3AD004E6ADE /* Project object */;
}
